
Microsoft Visual Studio Solution File, Format Version 12.00
# Visual Studio Version 16
VisualStudioVersion = 16.0.31911.196
MinimumVisualStudioVersion = 10.0.40219.1
Project("{2150E333-8FDC-42A3-9474-1A3956D46DE8}") = "_lib", "_lib", "{B54500E4-11F2-4543-A064-3A06817FFA33}"
EndProject
Project("{9A19103F-16F7-4668-BE54-9A1E7A4F7556}") = "UnitTests", "UnitTests\UnitTests.csproj", "{6A7383B1-2DC6-430F-88B4-95D67669AB12}"
EndProject
Project("{9A19103F-16F7-4668-BE54-9A1E7A4F7556}") = "TetraPak.XP.Common", "..\..\..\APIs_to_the_world\_nuget\_spikes\TetraPak.XP\source\TetraPak.XP.Common\TetraPak.XP.Common.csproj", "{19ECA840-523B-4C14-8D65-F1A260D30533}"
EndProject
Project("{9A19103F-16F7-4668-BE54-9A1E7A4F7556}") = "TetraPak.XP.Desktop", "..\..\..\APIs_to_the_world\_nuget\_spikes\TetraPak.XP\source\TetraPak.XP.Desktop\TetraPak.XP.Desktop.csproj", "{ADC543D6-0A19-4A5C-B152-FC667B9ED504}"
EndProject
Project("{9A19103F-16F7-4668-BE54-9A1E7A4F7556}") = "TetraPak.XP.Web.Http", "..\..\..\APIs_to_the_world\_nuget\_spikes\TetraPak.XP\source\TetraPak.XP.Web.Http\TetraPak.XP.Web.Http.csproj", "{5742D45D-B650-432E-8484-FC49AD8AA867}"
EndProject
Project("{9A19103F-16F7-4668-BE54-9A1E7A4F7556}") = "TetraPak.XP.Configuration", "..\..\..\APIs_to_the_world\_nuget\_spikes\TetraPak.XP\source\TetraPak.XP.Configuration\TetraPak.XP.Configuration.csproj", "{936D4B4F-E230-49F6-8D3A-13F73F13EF91}"
EndProject
Project("{9A19103F-16F7-4668-BE54-9A1E7A4F7556}") = "TetraPak.XP.DependencyInjection", "..\..\..\APIs_to_the_world\_nuget\_spikes\TetraPak.XP\source\TetraPak.XP.DependencyInjection\TetraPak.XP.DependencyInjection.csproj", "{E1F174A9-29FB-4B70-A470-4FC9C170129E}"
EndProject
Project("{9A19103F-16F7-4668-BE54-9A1E7A4F7556}") = "DCAF.Common", "DCAF.Common\DCAF.Common.csproj", "{1DD3C4C0-E44E-4CBF-9FFE-5BCEC5C705BB}"
EndProject
Project("{9A19103F-16F7-4668-BE54-9A1E7A4F7556}") = "DCAF.Discord", "DCAF.Discord\DCAF.Discord.csproj", "{DD6772E4-3916-4F71-AFE0-04F5609D0F63}"
EndProject
Project("{9A19103F-16F7-4668-BE54-9A1E7A4F7556}") = "DCAF.Services", "DCAF.Services\DCAF.Services.csproj", "{38E3234C-A378-4799-A462-C4A12A1E1DFD}"
EndProject
Project("{FAE04EC0-301F-11D3-BF4B-00C04F79EFBC}") = "DCAF.App.WindowsService", "DCAF.App.WindowsService\DCAF.App.WindowsService.csproj", "{140FF331-565A-4112-A5FD-E4EF17803067}"
EndProject
Project("{FAE04EC0-301F-11D3-BF4B-00C04F79EFBC}") = "DCAF.App.Console", "DCAF.App.Console\DCAF.App.Console.csproj", "{BE4F2D64-37C9-4079-B06C-EF3D88A587C8}"
EndProject
Project("{FAE04EC0-301F-11D3-BF4B-00C04F79EFBC}") = "TetraPak.XP.DynamicEntities", "..\..\..\APIs_to_the_world\_nuget\_spikes\TetraPak.XP\source\TetraPak.XP.DynamicEntities\TetraPak.XP.DynamicEntities.csproj", "{5B3374A9-E6D1-4C48-ADE6-3EA9F023B1DB}"
EndProject
Global
	GlobalSection(SolutionConfigurationPlatforms) = preSolution
		Debug|Any CPU = Debug|Any CPU
		Release|Any CPU = Release|Any CPU
	EndGlobalSection
	GlobalSection(ProjectConfigurationPlatforms) = postSolution
		{6A7383B1-2DC6-430F-88B4-95D67669AB12}.Debug|Any CPU.ActiveCfg = Debug|Any CPU
		{6A7383B1-2DC6-430F-88B4-95D67669AB12}.Debug|Any CPU.Build.0 = Debug|Any CPU
		{6A7383B1-2DC6-430F-88B4-95D67669AB12}.Release|Any CPU.ActiveCfg = Release|Any CPU
		{6A7383B1-2DC6-430F-88B4-95D67669AB12}.Release|Any CPU.Build.0 = Release|Any CPU
		{19ECA840-523B-4C14-8D65-F1A260D30533}.Debug|Any CPU.ActiveCfg = Debug|Any CPU
		{19ECA840-523B-4C14-8D65-F1A260D30533}.Debug|Any CPU.Build.0 = Debug|Any CPU
		{19ECA840-523B-4C14-8D65-F1A260D30533}.Release|Any CPU.ActiveCfg = Release|Any CPU
		{19ECA840-523B-4C14-8D65-F1A260D30533}.Release|Any CPU.Build.0 = Release|Any CPU
		{ADC543D6-0A19-4A5C-B152-FC667B9ED504}.Debug|Any CPU.ActiveCfg = Debug|Any CPU
		{ADC543D6-0A19-4A5C-B152-FC667B9ED504}.Debug|Any CPU.Build.0 = Debug|Any CPU
		{ADC543D6-0A19-4A5C-B152-FC667B9ED504}.Release|Any CPU.ActiveCfg = Release|Any CPU
		{ADC543D6-0A19-4A5C-B152-FC667B9ED504}.Release|Any CPU.Build.0 = Release|Any CPU
		{5742D45D-B650-432E-8484-FC49AD8AA867}.Debug|Any CPU.ActiveCfg = Debug|Any CPU
		{5742D45D-B650-432E-8484-FC49AD8AA867}.Debug|Any CPU.Build.0 = Debug|Any CPU
		{5742D45D-B650-432E-8484-FC49AD8AA867}.Release|Any CPU.ActiveCfg = Release|Any CPU
		{5742D45D-B650-432E-8484-FC49AD8AA867}.Release|Any CPU.Build.0 = Release|Any CPU
		{936D4B4F-E230-49F6-8D3A-13F73F13EF91}.Debug|Any CPU.ActiveCfg = Debug|Any CPU
		{936D4B4F-E230-49F6-8D3A-13F73F13EF91}.Debug|Any CPU.Build.0 = Debug|Any CPU
		{936D4B4F-E230-49F6-8D3A-13F73F13EF91}.Release|Any CPU.ActiveCfg = Release|Any CPU
		{936D4B4F-E230-49F6-8D3A-13F73F13EF91}.Release|Any CPU.Build.0 = Release|Any CPU
		{E1F174A9-29FB-4B70-A470-4FC9C170129E}.Debug|Any CPU.ActiveCfg = Debug|Any CPU
		{E1F174A9-29FB-4B70-A470-4FC9C170129E}.Debug|Any CPU.Build.0 = Debug|Any CPU
		{E1F174A9-29FB-4B70-A470-4FC9C170129E}.Release|Any CPU.ActiveCfg = Release|Any CPU
		{E1F174A9-29FB-4B70-A470-4FC9C170129E}.Release|Any CPU.Build.0 = Release|Any CPU
		{1DD3C4C0-E44E-4CBF-9FFE-5BCEC5C705BB}.Debug|Any CPU.ActiveCfg = Debug|Any CPU
		{1DD3C4C0-E44E-4CBF-9FFE-5BCEC5C705BB}.Debug|Any CPU.Build.0 = Debug|Any CPU
		{1DD3C4C0-E44E-4CBF-9FFE-5BCEC5C705BB}.Release|Any CPU.ActiveCfg = Release|Any CPU
		{1DD3C4C0-E44E-4CBF-9FFE-5BCEC5C705BB}.Release|Any CPU.Build.0 = Release|Any CPU
		{DD6772E4-3916-4F71-AFE0-04F5609D0F63}.Debug|Any CPU.ActiveCfg = Debug|Any CPU
		{DD6772E4-3916-4F71-AFE0-04F5609D0F63}.Debug|Any CPU.Build.0 = Debug|Any CPU
		{DD6772E4-3916-4F71-AFE0-04F5609D0F63}.Release|Any CPU.ActiveCfg = Release|Any CPU
		{DD6772E4-3916-4F71-AFE0-04F5609D0F63}.Release|Any CPU.Build.0 = Release|Any CPU
		{38E3234C-A378-4799-A462-C4A12A1E1DFD}.Debug|Any CPU.ActiveCfg = Debug|Any CPU
		{38E3234C-A378-4799-A462-C4A12A1E1DFD}.Debug|Any CPU.Build.0 = Debug|Any CPU
		{38E3234C-A378-4799-A462-C4A12A1E1DFD}.Release|Any CPU.ActiveCfg = Release|Any CPU
		{38E3234C-A378-4799-A462-C4A12A1E1DFD}.Release|Any CPU.Build.0 = Release|Any CPU
		{140FF331-565A-4112-A5FD-E4EF17803067}.Debug|Any CPU.ActiveCfg = Debug|Any CPU
		{140FF331-565A-4112-A5FD-E4EF17803067}.Debug|Any CPU.Build.0 = Debug|Any CPU
		{140FF331-565A-4112-A5FD-E4EF17803067}.Release|Any CPU.ActiveCfg = Release|Any CPU
		{140FF331-565A-4112-A5FD-E4EF17803067}.Release|Any CPU.Build.0 = Release|Any CPU
		{BE4F2D64-37C9-4079-B06C-EF3D88A587C8}.Debug|Any CPU.ActiveCfg = Debug|Any CPU
		{BE4F2D64-37C9-4079-B06C-EF3D88A587C8}.Debug|Any CPU.Build.0 = Debug|Any CPU
		{BE4F2D64-37C9-4079-B06C-EF3D88A587C8}.Release|Any CPU.ActiveCfg = Release|Any CPU
		{BE4F2D64-37C9-4079-B06C-EF3D88A587C8}.Release|Any CPU.Build.0 = Release|Any CPU
		{5B3374A9-E6D1-4C48-ADE6-3EA9F023B1DB}.Debug|Any CPU.ActiveCfg = Debug|Any CPU
		{5B3374A9-E6D1-4C48-ADE6-3EA9F023B1DB}.Debug|Any CPU.Build.0 = Debug|Any CPU
		{5B3374A9-E6D1-4C48-ADE6-3EA9F023B1DB}.Release|Any CPU.ActiveCfg = Release|Any CPU
		{5B3374A9-E6D1-4C48-ADE6-3EA9F023B1DB}.Release|Any CPU.Build.0 = Release|Any CPU
	EndGlobalSection
	GlobalSection(SolutionProperties) = preSolution
		HideSolutionNode = FALSE
	EndGlobalSection
	GlobalSection(NestedProjects) = preSolution
		{19ECA840-523B-4C14-8D65-F1A260D30533} = {B54500E4-11F2-4543-A064-3A06817FFA33}
		{ADC543D6-0A19-4A5C-B152-FC667B9ED504} = {B54500E4-11F2-4543-A064-3A06817FFA33}
		{5742D45D-B650-432E-8484-FC49AD8AA867} = {B54500E4-11F2-4543-A064-3A06817FFA33}
		{936D4B4F-E230-49F6-8D3A-13F73F13EF91} = {B54500E4-11F2-4543-A064-3A06817FFA33}
		{E1F174A9-29FB-4B70-A470-4FC9C170129E} = {B54500E4-11F2-4543-A064-3A06817FFA33}
		{5B3374A9-E6D1-4C48-ADE6-3EA9F023B1DB} = {B54500E4-11F2-4543-A064-3A06817FFA33}
	EndGlobalSection
	GlobalSection(ExtensibilityGlobals) = postSolution
		SolutionGuid = {7C460C6F-CD7D-4AB0-89DB-EC55CC717AF4}
	EndGlobalSection
EndGlobal
